
Microsoft Visual Studio Solution File, Format Version 12.00
# Visual Studio 15
VisualStudioVersion = 15.0.27130.2020
MinimumVisualStudioVersion = 10.0.40219.1
Project("{8BC9CEB8-8B4A-11D0-8D11-00A0C91BC942}") = "PlanZajec", "PlanZajec\PlanZajec.vcxproj", "{0047D866-5A9B-43A5-A3FE-87C65E9C4DD9}"
EndProject
Global
	GlobalSection(SolutionConfigurationPlatforms) = preSolution
		Debug|x64 = Debug|x64
		Debug|x86 = Debug|x86
		Release|x64 = Release|x64
		Release|x86 = Release|x86
	EndGlobalSection
	GlobalSection(ProjectConfigurationPlatforms) = postSolution
		{0047D866-5A9B-43A5-A3FE-87C65E9C4DD9}.Debug|x64.ActiveCfg = Debug|x64
		{0047D866-5A9B-43A5-A3FE-87C65E9C4DD9}.Debug|x64.Build.0 = Debug|x64
		{0047D866-5A9B-43A5-A3FE-87C65E9C4DD9}.Debug|x86.ActiveCfg = Debug|Win32
		{0047D866-5A9B-43A5-A3FE-87C65E9C4DD9}.Debug|x86.Build.0 = Debug|Win32
		{0047D866-5A9B-43A5-A3FE-87C65E9C4DD9}.Release|x64.ActiveCfg = Release|x64
		{0047D866-5A9B-43A5-A3FE-87C65E9C4DD9}.Release|x64.Build.0 = Release|x64
		{0047D866-5A9B-43A5-A3FE-87C65E9C4DD9}.Release|x86.ActiveCfg = Release|Win32
		{0047D866-5A9B-43A5-A3FE-87C65E9C4DD9}.Release|x86.Build.0 = Release|Win32
	EndGlobalSection
	GlobalSection(SolutionProperties) = preSolution
		HideSolutionNode = FALSE
	EndGlobalSection
	GlobalSection(ExtensibilityGlobals) = postSolution
		SolutionGuid = {C6FAD0B0-9095-4762-84C4-31DC6D61DB0B}
	EndGlobalSection
EndGlobal
